
Microsoft Visual Studio Solution File, Format Version 12.00
# Visual Studio Version 16
VisualStudioVersion = 16.0.29519.181
MinimumVisualStudioVersion = 10.0.40219.1
Project("{FAE04EC0-301F-11D3-BF4B-00C04F79EFBC}") = "Collection", "Collection\Collection.csproj", "{00728CC2-9704-43D7-AFB2-23F640ACDFBE}"
EndProject
Global
	GlobalSection(SolutionConfigurationPlatforms) = preSolution
		Debug|Any CPU = Debug|Any CPU
		Release|Any CPU = Release|Any CPU
	EndGlobalSection
	GlobalSection(ProjectConfigurationPlatforms) = postSolution
		{00728CC2-9704-43D7-AFB2-23F640ACDFBE}.Debug|Any CPU.ActiveCfg = Debug|Any CPU
		{00728CC2-9704-43D7-AFB2-23F640ACDFBE}.Debug|Any CPU.Build.0 = Debug|Any CPU
		{00728CC2-9704-43D7-AFB2-23F640ACDFBE}.Release|Any CPU.ActiveCfg = Release|Any CPU
		{00728CC2-9704-43D7-AFB2-23F640ACDFBE}.Release|Any CPU.Build.0 = Release|Any CPU
	EndGlobalSection
	GlobalSection(SolutionProperties) = preSolution
		HideSolutionNode = FALSE
	EndGlobalSection
	GlobalSection(ExtensibilityGlobals) = postSolution
		SolutionGuid = {8F287DA4-FCC3-4224-8C66-1855660DCCAE}
	EndGlobalSection
EndGlobal
